
Microsoft Visual Studio Solution File, Format Version 12.00
# Visual Studio Version 17
VisualStudioVersion = 17.4.33213.308
MinimumVisualStudioVersion = 10.0.40219.1
Project("{FAE04EC0-301F-11D3-BF4B-00C04F79EFBC}") = "Modulo1-Aula06", "Modulo1-Aula06.csproj", "{95452B46-3BC0-4048-AA14-20794F1ED77A}"
EndProject
Global
	GlobalSection(SolutionConfigurationPlatforms) = preSolution
		Debug|Any CPU = Debug|Any CPU
		Release|Any CPU = Release|Any CPU
	EndGlobalSection
	GlobalSection(ProjectConfigurationPlatforms) = postSolution
		{95452B46-3BC0-4048-AA14-20794F1ED77A}.Debug|Any CPU.ActiveCfg = Debug|Any CPU
		{95452B46-3BC0-4048-AA14-20794F1ED77A}.Debug|Any CPU.Build.0 = Debug|Any CPU
		{95452B46-3BC0-4048-AA14-20794F1ED77A}.Release|Any CPU.ActiveCfg = Release|Any CPU
		{95452B46-3BC0-4048-AA14-20794F1ED77A}.Release|Any CPU.Build.0 = Release|Any CPU
	EndGlobalSection
	GlobalSection(SolutionProperties) = preSolution
		HideSolutionNode = FALSE
	EndGlobalSection
	GlobalSection(ExtensibilityGlobals) = postSolution
		SolutionGuid = {EB2939B7-7844-4D74-8AD3-3325F4F751E7}
	EndGlobalSection
EndGlobal
